
Microsoft Visual Studio Solution File, Format Version 12.00
# Visual Studio Version 16
VisualStudioVersion = 16.0.29411.108
MinimumVisualStudioVersion = 10.0.40219.1
Project("{FAE04EC0-301F-11D3-BF4B-00C04F79EFBC}") = "WebScraperASP", "WebScraperASP\WebScraperASP.csproj", "{33BB6401-53A4-4BF5-8BC0-FABB3B5225F9}"
EndProject
Global
	GlobalSection(SolutionConfigurationPlatforms) = preSolution
		Debug|Any CPU = Debug|Any CPU
		Release|Any CPU = Release|Any CPU
	EndGlobalSection
	GlobalSection(ProjectConfigurationPlatforms) = postSolution
		{33BB6401-53A4-4BF5-8BC0-FABB3B5225F9}.Debug|Any CPU.ActiveCfg = Debug|Any CPU
		{33BB6401-53A4-4BF5-8BC0-FABB3B5225F9}.Debug|Any CPU.Build.0 = Debug|Any CPU
		{33BB6401-53A4-4BF5-8BC0-FABB3B5225F9}.Release|Any CPU.ActiveCfg = Release|Any CPU
		{33BB6401-53A4-4BF5-8BC0-FABB3B5225F9}.Release|Any CPU.Build.0 = Release|Any CPU
	EndGlobalSection
	GlobalSection(SolutionProperties) = preSolution
		HideSolutionNode = FALSE
	EndGlobalSection
	GlobalSection(ExtensibilityGlobals) = postSolution
		SolutionGuid = {362D221F-2AF2-4769-BBF6-D871F2C6330C}
	EndGlobalSection
EndGlobal
